
Microsoft Visual Studio Solution File, Format Version 12.00
# Visual Studio Version 16
VisualStudioVersion = 16.0.31911.196
MinimumVisualStudioVersion = 10.0.40219.1
Project("{2150E333-8FDC-42A3-9474-1A3956D46DE8}") = "1. Infrastructure", "1. Infrastructure", "{A68A52E9-3B0B-4C9A-9015-74F5ED5AA3DF}"
EndProject
Project("{2150E333-8FDC-42A3-9474-1A3956D46DE8}") = "2. Domain", "2. Domain", "{0BE7D23A-7A79-45A0-953B-5D0EE8246B55}"
EndProject
Project("{2150E333-8FDC-42A3-9474-1A3956D46DE8}") = "3. Web", "3. Web", "{643C8082-3F8A-48B1-9B36-EE1B0F32F52D}"
EndProject
Project("{2150E333-8FDC-42A3-9474-1A3956D46DE8}") = "4. Common", "4. Common", "{D21E1792-A2B2-499F-AB9B-F6215B708B15}"
EndProject
Project("{9A19103F-16F7-4668-BE54-9A1E7A4F7556}") = "ManageProperties.Infrastructure", "ManageProperties.Infrastructure\ManageProperties.Infrastructure.csproj", "{5766CC58-698E-4388-9996-05E75923303C}"
EndProject
Project("{9A19103F-16F7-4668-BE54-9A1E7A4F7556}") = "ManageProperties.Domain", "ManageProperties.Domain\ManageProperties.Domain.csproj", "{B9AF402B-AC49-4FE6-9689-85BDB5E8F92C}"
EndProject
Project("{9A19103F-16F7-4668-BE54-9A1E7A4F7556}") = "ManageProperties.Web", "ManageProperties.Web\ManageProperties.Web.csproj", "{CA32CEC6-A4BC-43F0-93B3-F52B2E7011CF}"
EndProject
Project("{FAE04EC0-301F-11D3-BF4B-00C04F79EFBC}") = "ManageProperties.Configuration", "ManageProperties.Configuration\ManageProperties.Configuration.csproj", "{85809F71-0403-4549-8D4C-6B20FEB25A00}"
EndProject
Global
	GlobalSection(SolutionConfigurationPlatforms) = preSolution
		Debug|Any CPU = Debug|Any CPU
		Release|Any CPU = Release|Any CPU
	EndGlobalSection
	GlobalSection(ProjectConfigurationPlatforms) = postSolution
		{5766CC58-698E-4388-9996-05E75923303C}.Debug|Any CPU.ActiveCfg = Debug|Any CPU
		{5766CC58-698E-4388-9996-05E75923303C}.Debug|Any CPU.Build.0 = Debug|Any CPU
		{5766CC58-698E-4388-9996-05E75923303C}.Release|Any CPU.ActiveCfg = Release|Any CPU
		{5766CC58-698E-4388-9996-05E75923303C}.Release|Any CPU.Build.0 = Release|Any CPU
		{B9AF402B-AC49-4FE6-9689-85BDB5E8F92C}.Debug|Any CPU.ActiveCfg = Debug|Any CPU
		{B9AF402B-AC49-4FE6-9689-85BDB5E8F92C}.Debug|Any CPU.Build.0 = Debug|Any CPU
		{B9AF402B-AC49-4FE6-9689-85BDB5E8F92C}.Release|Any CPU.ActiveCfg = Release|Any CPU
		{B9AF402B-AC49-4FE6-9689-85BDB5E8F92C}.Release|Any CPU.Build.0 = Release|Any CPU
		{CA32CEC6-A4BC-43F0-93B3-F52B2E7011CF}.Debug|Any CPU.ActiveCfg = Debug|Any CPU
		{CA32CEC6-A4BC-43F0-93B3-F52B2E7011CF}.Debug|Any CPU.Build.0 = Debug|Any CPU
		{CA32CEC6-A4BC-43F0-93B3-F52B2E7011CF}.Release|Any CPU.ActiveCfg = Release|Any CPU
		{CA32CEC6-A4BC-43F0-93B3-F52B2E7011CF}.Release|Any CPU.Build.0 = Release|Any CPU
		{85809F71-0403-4549-8D4C-6B20FEB25A00}.Debug|Any CPU.ActiveCfg = Debug|Any CPU
		{85809F71-0403-4549-8D4C-6B20FEB25A00}.Debug|Any CPU.Build.0 = Debug|Any CPU
		{85809F71-0403-4549-8D4C-6B20FEB25A00}.Release|Any CPU.ActiveCfg = Release|Any CPU
		{85809F71-0403-4549-8D4C-6B20FEB25A00}.Release|Any CPU.Build.0 = Release|Any CPU
	EndGlobalSection
	GlobalSection(SolutionProperties) = preSolution
		HideSolutionNode = FALSE
	EndGlobalSection
	GlobalSection(NestedProjects) = preSolution
		{5766CC58-698E-4388-9996-05E75923303C} = {A68A52E9-3B0B-4C9A-9015-74F5ED5AA3DF}
		{B9AF402B-AC49-4FE6-9689-85BDB5E8F92C} = {0BE7D23A-7A79-45A0-953B-5D0EE8246B55}
		{CA32CEC6-A4BC-43F0-93B3-F52B2E7011CF} = {643C8082-3F8A-48B1-9B36-EE1B0F32F52D}
		{85809F71-0403-4549-8D4C-6B20FEB25A00} = {D21E1792-A2B2-499F-AB9B-F6215B708B15}
	EndGlobalSection
	GlobalSection(ExtensibilityGlobals) = postSolution
		SolutionGuid = {BB2516EA-1C47-4CAE-8F5D-5A90921AA3A6}
	EndGlobalSection
EndGlobal
